
Microsoft Visual Studio Solution File, Format Version 12.00
# Visual Studio 2012
Project("{FAE04EC0-301F-11D3-BF4B-00C04F79EFBC}") = "Manage", "Manage\Manage.csproj", "{817EBF01-B3E9-4533-B2A2-C2EB975E701C}"
EndProject
Global
	GlobalSection(SolutionConfigurationPlatforms) = preSolution
		Debug|Any CPU = Debug|Any CPU
		Release|Any CPU = Release|Any CPU
	EndGlobalSection
	GlobalSection(ProjectConfigurationPlatforms) = postSolution
		{817EBF01-B3E9-4533-B2A2-C2EB975E701C}.Debug|Any CPU.ActiveCfg = Debug|Any CPU
		{817EBF01-B3E9-4533-B2A2-C2EB975E701C}.Debug|Any CPU.Build.0 = Debug|Any CPU
		{817EBF01-B3E9-4533-B2A2-C2EB975E701C}.Release|Any CPU.ActiveCfg = Release|Any CPU
		{817EBF01-B3E9-4533-B2A2-C2EB975E701C}.Release|Any CPU.Build.0 = Release|Any CPU
	EndGlobalSection
	GlobalSection(SolutionProperties) = preSolution
		HideSolutionNode = FALSE
	EndGlobalSection
EndGlobal
